
Microsoft Visual Studio Solution File, Format Version 12.00
# Visual Studio Version 17
VisualStudioVersion = 17.12.35514.174
MinimumVisualStudioVersion = 10.0.40219.1
Project("{FAE04EC0-301F-11D3-BF4B-00C04F79EFBC}") = "BooksAndVideosShop.Api", "BooksAndVideosShop.Api\BooksAndVideosShop.Api.csproj", "{B94CE22D-99A1-4426-B9A4-F4930D3CAF2D}"
EndProject
Project("{FAE04EC0-301F-11D3-BF4B-00C04F79EFBC}") = "BooksAndVideosShop.Domain", "BooksAndVideosShop.Domain\BooksAndVideosShop.Domain.csproj", "{60406889-6058-477D-8117-CCAED6B84973}"
EndProject
Project("{FAE04EC0-301F-11D3-BF4B-00C04F79EFBC}") = "BooksAndVideosShop.Logic", "BooksAndVideosShop.Logic\BooksAndVideosShop.Logic.csproj", "{C32318F5-3ADF-4936-B7C1-A9C945FE21A7}"
EndProject
Project("{FAE04EC0-301F-11D3-BF4B-00C04F79EFBC}") = "BooksAndVideosShop.DataAccess", "BooksAndVideosShop.DataAccess\BooksAndVideosShop.DataAccess.csproj", "{7A776D35-3DED-494B-B1F2-125108A37E0F}"
EndProject
Project("{FAE04EC0-301F-11D3-BF4B-00C04F79EFBC}") = "BooksAndVideosShop.Logic.Tests", "BooksAndVideosShop.Logic.Tests\BooksAndVideosShop.Logic.Tests.csproj", "{37323EA1-41BB-493C-A9F4-BE5B2EF62E34}"
EndProject
Global
	GlobalSection(SolutionConfigurationPlatforms) = preSolution
		Debug|Any CPU = Debug|Any CPU
		Release|Any CPU = Release|Any CPU
	EndGlobalSection
	GlobalSection(ProjectConfigurationPlatforms) = postSolution
		{B94CE22D-99A1-4426-B9A4-F4930D3CAF2D}.Debug|Any CPU.ActiveCfg = Debug|Any CPU
		{B94CE22D-99A1-4426-B9A4-F4930D3CAF2D}.Debug|Any CPU.Build.0 = Debug|Any CPU
		{B94CE22D-99A1-4426-B9A4-F4930D3CAF2D}.Release|Any CPU.ActiveCfg = Release|Any CPU
		{B94CE22D-99A1-4426-B9A4-F4930D3CAF2D}.Release|Any CPU.Build.0 = Release|Any CPU
		{60406889-6058-477D-8117-CCAED6B84973}.Debug|Any CPU.ActiveCfg = Debug|Any CPU
		{60406889-6058-477D-8117-CCAED6B84973}.Debug|Any CPU.Build.0 = Debug|Any CPU
		{60406889-6058-477D-8117-CCAED6B84973}.Release|Any CPU.ActiveCfg = Release|Any CPU
		{60406889-6058-477D-8117-CCAED6B84973}.Release|Any CPU.Build.0 = Release|Any CPU
		{C32318F5-3ADF-4936-B7C1-A9C945FE21A7}.Debug|Any CPU.ActiveCfg = Debug|Any CPU
		{C32318F5-3ADF-4936-B7C1-A9C945FE21A7}.Debug|Any CPU.Build.0 = Debug|Any CPU
		{C32318F5-3ADF-4936-B7C1-A9C945FE21A7}.Release|Any CPU.ActiveCfg = Release|Any CPU
		{C32318F5-3ADF-4936-B7C1-A9C945FE21A7}.Release|Any CPU.Build.0 = Release|Any CPU
		{7A776D35-3DED-494B-B1F2-125108A37E0F}.Debug|Any CPU.ActiveCfg = Debug|Any CPU
		{7A776D35-3DED-494B-B1F2-125108A37E0F}.Debug|Any CPU.Build.0 = Debug|Any CPU
		{7A776D35-3DED-494B-B1F2-125108A37E0F}.Release|Any CPU.ActiveCfg = Release|Any CPU
		{7A776D35-3DED-494B-B1F2-125108A37E0F}.Release|Any CPU.Build.0 = Release|Any CPU
		{37323EA1-41BB-493C-A9F4-BE5B2EF62E34}.Debug|Any CPU.ActiveCfg = Debug|Any CPU
		{37323EA1-41BB-493C-A9F4-BE5B2EF62E34}.Debug|Any CPU.Build.0 = Debug|Any CPU
		{37323EA1-41BB-493C-A9F4-BE5B2EF62E34}.Release|Any CPU.ActiveCfg = Release|Any CPU
		{37323EA1-41BB-493C-A9F4-BE5B2EF62E34}.Release|Any CPU.Build.0 = Release|Any CPU
	EndGlobalSection
	GlobalSection(SolutionProperties) = preSolution
		HideSolutionNode = FALSE
	EndGlobalSection
EndGlobal
